
Microsoft Visual Studio Solution File, Format Version 12.00
# Visual Studio Version 17
VisualStudioVersion = 17.0.31717.71
MinimumVisualStudioVersion = 10.0.40219.1
Project("{9A19103F-16F7-4668-BE54-9A1E7A4F7556}") = "Heroes.FrontEnd", "Heroes.FrontEnd.csproj", "{F5B97FD1-387C-4988-9E76-D2A5D820B6D2}"
EndProject
Global
	GlobalSection(SolutionConfigurationPlatforms) = preSolution
		Debug|Any CPU = Debug|Any CPU
		Release|Any CPU = Release|Any CPU
	EndGlobalSection
	GlobalSection(ProjectConfigurationPlatforms) = postSolution
		{F5B97FD1-387C-4988-9E76-D2A5D820B6D2}.Debug|Any CPU.ActiveCfg = Debug|Any CPU
		{F5B97FD1-387C-4988-9E76-D2A5D820B6D2}.Debug|Any CPU.Build.0 = Debug|Any CPU
		{F5B97FD1-387C-4988-9E76-D2A5D820B6D2}.Release|Any CPU.ActiveCfg = Release|Any CPU
		{F5B97FD1-387C-4988-9E76-D2A5D820B6D2}.Release|Any CPU.Build.0 = Release|Any CPU
	EndGlobalSection
	GlobalSection(SolutionProperties) = preSolution
		HideSolutionNode = FALSE
	EndGlobalSection
	GlobalSection(ExtensibilityGlobals) = postSolution
		SolutionGuid = {E380B947-A9AF-47ED-B513-6C9647F95979}
	EndGlobalSection
EndGlobal